// !$*UTF8*$!
{
	archiveVersion = 1;
	classes = {
	};
	objectVersion = 56;
	objects = {

/* Begin PBXBuildFile section */
		160186E42BCF8FD30013B830 /* hAIl_MaryApp.swift in Sources */ = {isa = PBXBuildFile; fileRef = 160186E32BCF8FD30013B830 /* hAIl_MaryApp.swift */; };
		160186E62BCF8FD30013B830 /* ContentView.swift in Sources */ = {isa = PBXBuildFile; fileRef = 160186E52BCF8FD30013B830 /* ContentView.swift */; };
		160186E82BCF8FD50013B830 /* Assets.xcassets in Resources */ = {isa = PBXBuildFile; fileRef = 160186E72BCF8FD50013B830 /* Assets.xcassets */; };
		160186EB2BCF8FD50013B830 /* Preview Assets.xcassets in Resources */ = {isa = PBXBuildFile; fileRef = 160186EA2BCF8FD50013B830 /* Preview Assets.xcassets */; };
		160186F52BCF8FD50013B830 /* hAIl_MaryTests.swift in Sources */ = {isa = PBXBuildFile; fileRef = 160186F42BCF8FD50013B830 /* hAIl_MaryTests.swift */; };
		160186FF2BCF8FD50013B830 /* hAIl_MaryUITests.swift in Sources */ = {isa = PBXBuildFile; fileRef = 160186FE2BCF8FD50013B830 /* hAIl_MaryUITests.swift */; };
		160187012BCF8FD50013B830 /* hAIl_MaryUITestsLaunchTests.swift in Sources */ = {isa = PBXBuildFile; fileRef = 160187002BCF8FD50013B830 /* hAIl_MaryUITestsLaunchTests.swift */; };
		163580612BCF96DB008A0C98 /* input in Resources */ = {isa = PBXBuildFile; fileRef = 1635805A2BCF96DB008A0C98 /* input */; };
		163580622BCF96DB008A0C98 /* nfl_stadiums.csv in Resources */ = {isa = PBXBuildFile; fileRef = 1635805B2BCF96DB008A0C98 /* nfl_stadiums.csv */; };
		163580632BCF96DB008A0C98 /* spreadspoke_scores.csv in Resources */ = {isa = PBXBuildFile; fileRef = 1635805C2BCF96DB008A0C98 /* spreadspoke_scores.csv */; };
		163580642BCF96DB008A0C98 /* timeline of work.md in Resources */ = {isa = PBXBuildFile; fileRef = 1635805E2BCF96DB008A0C98 /* timeline of work.md */; };
		163580652BCF96DB008A0C98 /* README.md in Resources */ = {isa = PBXBuildFile; fileRef = 1635805F2BCF96DB008A0C98 /* README.md */; };
		163580662BCF96DB008A0C98 /* log.md in Resources */ = {isa = PBXBuildFile; fileRef = 163580602BCF96DB008A0C98 /* log.md */; };
		463053832670F36D80B2D738 /* Pods_hAIl_Mary.framework in Frameworks */ = {isa = PBXBuildFile; fileRef = C6DB687B3351EC218A5A4F65 /* Pods_hAIl_Mary.framework */; };
		6E17FEE643F8D0A70CB4AD07 /* Pods_hAIl_MaryTests.framework in Frameworks */ = {isa = PBXBuildFile; fileRef = 7E6E150CDD077C89BCA8282D /* Pods_hAIl_MaryTests.framework */; };
		C9CBCECDF79628625A198907 /* Pods_hAIl_Mary_hAIl_MaryUITests.framework in Frameworks */ = {isa = PBXBuildFile; fileRef = CA440397248F1F203AD671E0 /* Pods_hAIl_Mary_hAIl_MaryUITests.framework */; };
/* End PBXBuildFile section */

/* Begin PBXContainerItemProxy section */
		160186F12BCF8FD50013B830 /* PBXContainerItemProxy */ = {
			isa = PBXContainerItemProxy;
			containerPortal = 160186D82BCF8FD30013B830 /* Project object */;
			proxyType = 1;
			remoteGlobalIDString = 160186DF2BCF8FD30013B830;
			remoteInfo = "hAIl Mary";
		};
		160186FB2BCF8FD50013B830 /* PBXContainerItemProxy */ = {
			isa = PBXContainerItemProxy;
			containerPortal = 160186D82BCF8FD30013B830 /* Project object */;
			proxyType = 1;
			remoteGlobalIDString = 160186DF2BCF8FD30013B830;
			remoteInfo = "hAIl Mary";
		};
/* End PBXContainerItemProxy section */

/* Begin PBXFileReference section */
		160186E02BCF8FD30013B830 /* hAIl Mary.app */ = {isa = PBXFileReference; explicitFileType = wrapper.application; includeInIndex = 0; path = "hAIl Mary.app"; sourceTree = BUILT_PRODUCTS_DIR; };
		160186E32BCF8FD30013B830 /* hAIl_MaryApp.swift */ = {isa = PBXFileReference; lastKnownFileType = sourcecode.swift; path = hAIl_MaryApp.swift; sourceTree = "<group>"; };
		160186E52BCF8FD30013B830 /* ContentView.swift */ = {isa = PBXFileReference; lastKnownFileType = sourcecode.swift; path = ContentView.swift; sourceTree = "<group>"; };
		160186E72BCF8FD50013B830 /* Assets.xcassets */ = {isa = PBXFileReference; lastKnownFileType = folder.assetcatalog; path = Assets.xcassets; sourceTree = "<group>"; };
		160186EA2BCF8FD50013B830 /* Preview Assets.xcassets */ = {isa = PBXFileReference; lastKnownFileType = folder.assetcatalog; path = "Preview Assets.xcassets"; sourceTree = "<group>"; };
		160186F02BCF8FD50013B830 /* hAIl MaryTests.xctest */ = {isa = PBXFileReference; explicitFileType = wrapper.cfbundle; includeInIndex = 0; path = "hAIl MaryTests.xctest"; sourceTree = BUILT_PRODUCTS_DIR; };
		160186F42BCF8FD50013B830 /* hAIl_MaryTests.swift */ = {isa = PBXFileReference; lastKnownFileType = sourcecode.swift; path = hAIl_MaryTests.swift; sourceTree = "<group>"; };
		160186FA2BCF8FD50013B830 /* hAIl MaryUITests.xctest */ = {isa = PBXFileReference; explicitFileType = wrapper.cfbundle; includeInIndex = 0; path = "hAIl MaryUITests.xctest"; sourceTree = BUILT_PRODUCTS_DIR; };
		160186FE2BCF8FD50013B830 /* hAIl_MaryUITests.swift */ = {isa = PBXFileReference; lastKnownFileType = sourcecode.swift; path = hAIl_MaryUITests.swift; sourceTree = "<group>"; };
		160187002BCF8FD50013B830 /* hAIl_MaryUITestsLaunchTests.swift */ = {isa = PBXFileReference; lastKnownFileType = sourcecode.swift; path = hAIl_MaryUITestsLaunchTests.swift; sourceTree = "<group>"; };
		1635805A2BCF96DB008A0C98 /* input */ = {isa = PBXFileReference; fileEncoding = 4; lastKnownFileType = text; path = input; sourceTree = "<group>"; };
		1635805B2BCF96DB008A0C98 /* nfl_stadiums.csv */ = {isa = PBXFileReference; fileEncoding = 4; lastKnownFileType = text; path = nfl_stadiums.csv; sourceTree = "<group>"; };
		1635805C2BCF96DB008A0C98 /* spreadspoke_scores.csv */ = {isa = PBXFileReference; fileEncoding = 4; lastKnownFileType = text; path = spreadspoke_scores.csv; sourceTree = "<group>"; };
		1635805E2BCF96DB008A0C98 /* timeline of work.md */ = {isa = PBXFileReference; fileEncoding = 4; lastKnownFileType = net.daringfireball.markdown; path = "timeline of work.md"; sourceTree = SOURCE_ROOT; };
		1635805F2BCF96DB008A0C98 /* README.md */ = {isa = PBXFileReference; fileEncoding = 4; lastKnownFileType = net.daringfireball.markdown; path = README.md; sourceTree = SOURCE_ROOT; };
		163580602BCF96DB008A0C98 /* log.md */ = {isa = PBXFileReference; fileEncoding = 4; lastKnownFileType = net.daringfireball.markdown; path = log.md; sourceTree = SOURCE_ROOT; };
		18C7A9565FE088E09B9A18EF /* Pods-hAIl Mary.release.xcconfig */ = {isa = PBXFileReference; includeInIndex = 1; lastKnownFileType = text.xcconfig; name = "Pods-hAIl Mary.release.xcconfig"; path = "Target Support Files/Pods-hAIl Mary/Pods-hAIl Mary.release.xcconfig"; sourceTree = "<group>"; };
		18C8B622D4473A1EC06864CA /* Pods-hAIl MaryTests.debug.xcconfig */ = {isa = PBXFileReference; includeInIndex = 1; lastKnownFileType = text.xcconfig; name = "Pods-hAIl MaryTests.debug.xcconfig"; path = "Target Support Files/Pods-hAIl MaryTests/Pods-hAIl MaryTests.debug.xcconfig"; sourceTree = "<group>"; };
		21F840F1DA6254218C5E18D3 /* Pods-hAIl Mary-hAIl MaryUITests.release.xcconfig */ = {isa = PBXFileReference; includeInIndex = 1; lastKnownFileType = text.xcconfig; name = "Pods-hAIl Mary-hAIl MaryUITests.release.xcconfig"; path = "Target Support Files/Pods-hAIl Mary-hAIl MaryUITests/Pods-hAIl Mary-hAIl MaryUITests.release.xcconfig"; sourceTree = "<group>"; };
		2A9199175A0E7F0C4908BA7C /* Pods-hAIl Mary.debug.xcconfig */ = {isa = PBXFileReference; includeInIndex = 1; lastKnownFileType = text.xcconfig; name = "Pods-hAIl Mary.debug.xcconfig"; path = "Target Support Files/Pods-hAIl Mary/Pods-hAIl Mary.debug.xcconfig"; sourceTree = "<group>"; };
		6AB962E45DCAEE7EE05E39A4 /* Pods-hAIl Mary-hAIl MaryUITests.debug.xcconfig */ = {isa = PBXFileReference; includeInIndex = 1; lastKnownFileType = text.xcconfig; name = "Pods-hAIl Mary-hAIl MaryUITests.debug.xcconfig"; path = "Target Support Files/Pods-hAIl Mary-hAIl MaryUITests/Pods-hAIl Mary-hAIl MaryUITests.debug.xcconfig"; sourceTree = "<group>"; };
		7E6E150CDD077C89BCA8282D /* Pods_hAIl_MaryTests.framework */ = {isa = PBXFileReference; explicitFileType = wrapper.framework; includeInIndex = 0; path = Pods_hAIl_MaryTests.framework; sourceTree = BUILT_PRODUCTS_DIR; };
		C6DB687B3351EC218A5A4F65 /* Pods_hAIl_Mary.framework */ = {isa = PBXFileReference; explicitFileType = wrapper.framework; includeInIndex = 0; path = Pods_hAIl_Mary.framework; sourceTree = BUILT_PRODUCTS_DIR; };
		CA440397248F1F203AD671E0 /* Pods_hAIl_Mary_hAIl_MaryUITests.framework */ = {isa = PBXFileReference; explicitFileType = wrapper.framework; includeInIndex = 0; path = Pods_hAIl_Mary_hAIl_MaryUITests.framework; sourceTree = BUILT_PRODUCTS_DIR; };
		F7D29D79B74CEC9DC25B1795 /* Pods-hAIl MaryTests.release.xcconfig */ = {isa = PBXFileReference; includeInIndex = 1; lastKnownFileType = text.xcconfig; name = "Pods-hAIl MaryTests.release.xcconfig"; path = "Target Support Files/Pods-hAIl MaryTests/Pods-hAIl MaryTests.release.xcconfig"; sourceTree = "<group>"; };
/* End PBXFileReference section */

/* Begin PBXFrameworksBuildPhase section */
		160186DD2BCF8FD30013B830 /* Frameworks */ = {
			isa = PBXFrameworksBuildPhase;
			buildActionMask = 2147483647;
			files = (
				463053832670F36D80B2D738 /* Pods_hAIl_Mary.framework in Frameworks */,
			);
			runOnlyForDeploymentPostprocessing = 0;
		};
		160186ED2BCF8FD50013B830 /* Frameworks */ = {
			isa = PBXFrameworksBuildPhase;
			buildActionMask = 2147483647;
			files = (
				6E17FEE643F8D0A70CB4AD07 /* Pods_hAIl_MaryTests.framework in Frameworks */,
			);
			runOnlyForDeploymentPostprocessing = 0;
		};
		160186F72BCF8FD50013B830 /* Frameworks */ = {
			isa = PBXFrameworksBuildPhase;
			buildActionMask = 2147483647;
			files = (
				C9CBCECDF79628625A198907 /* Pods_hAIl_Mary_hAIl_MaryUITests.framework in Frameworks */,
			);
			runOnlyForDeploymentPostprocessing = 0;
		};
/* End PBXFrameworksBuildPhase section */

/* Begin PBXGroup section */
		160186D72BCF8FD30013B830 = {
			isa = PBXGroup;
			children = (
				160186E22BCF8FD30013B830 /* hAIl Mary */,
				160186F32BCF8FD50013B830 /* hAIl MaryTests */,
				160186FD2BCF8FD50013B830 /* hAIl MaryUITests */,
				160186E12BCF8FD30013B830 /* Products */,
				200333A2E7639A96C03C3903 /* Pods */,
				4EC0956BA2037BA4F4D69AE4 /* Frameworks */,
			);
			sourceTree = "<group>";
		};
		160186E12BCF8FD30013B830 /* Products */ = {
			isa = PBXGroup;
			children = (
				160186E02BCF8FD30013B830 /* hAIl Mary.app */,
				160186F02BCF8FD50013B830 /* hAIl MaryTests.xctest */,
				160186FA2BCF8FD50013B830 /* hAIl MaryUITests.xctest */,
			);
			name = Products;
			sourceTree = "<group>";
		};
		160186E22BCF8FD30013B830 /* hAIl Mary */ = {
			isa = PBXGroup;
			children = (
				160186E32BCF8FD30013B830 /* hAIl_MaryApp.swift */,
				1635805D2BCF96DB008A0C98 /* data */,
				163580602BCF96DB008A0C98 /* log.md */,
				1635805F2BCF96DB008A0C98 /* README.md */,
				1635805E2BCF96DB008A0C98 /* timeline of work.md */,
				160186E52BCF8FD30013B830 /* ContentView.swift */,
				160186E72BCF8FD50013B830 /* Assets.xcassets */,
				160186E92BCF8FD50013B830 /* Preview Content */,
			);
			path = "hAIl Mary";
			sourceTree = "<group>";
		};
		160186E92BCF8FD50013B830 /* Preview Content */ = {
			isa = PBXGroup;
			children = (
				160186EA2BCF8FD50013B830 /* Preview Assets.xcassets */,
			);
			path = "Preview Content";
			sourceTree = "<group>";
		};
		160186F32BCF8FD50013B830 /* hAIl MaryTests */ = {
			isa = PBXGroup;
			children = (
				160186F42BCF8FD50013B830 /* hAIl_MaryTests.swift */,
			);
			path = "hAIl MaryTests";
			sourceTree = "<group>";
		};
		160186FD2BCF8FD50013B830 /* hAIl MaryUITests */ = {
			isa = PBXGroup;
			children = (
				160186FE2BCF8FD50013B830 /* hAIl_MaryUITests.swift */,
				160187002BCF8FD50013B830 /* hAIl_MaryUITestsLaunchTests.swift */,
			);
			path = "hAIl MaryUITests";
			sourceTree = "<group>";
		};
		1635805D2BCF96DB008A0C98 /* data */ = {
			isa = PBXGroup;
			children = (
				1635805A2BCF96DB008A0C98 /* input */,
				1635805B2BCF96DB008A0C98 /* nfl_stadiums.csv */,
				1635805C2BCF96DB008A0C98 /* spreadspoke_scores.csv */,
			);
			path = data;
			sourceTree = SOURCE_ROOT;
		};
		200333A2E7639A96C03C3903 /* Pods */ = {
			isa = PBXGroup;
			children = (
				2A9199175A0E7F0C4908BA7C /* Pods-hAIl Mary.debug.xcconfig */,
				18C7A9565FE088E09B9A18EF /* Pods-hAIl Mary.release.xcconfig */,
				6AB962E45DCAEE7EE05E39A4 /* Pods-hAIl Mary-hAIl MaryUITests.debug.xcconfig */,
				21F840F1DA6254218C5E18D3 /* Pods-hAIl Mary-hAIl MaryUITests.release.xcconfig */,
				18C8B622D4473A1EC06864CA /* Pods-hAIl MaryTests.debug.xcconfig */,
				F7D29D79B74CEC9DC25B1795 /* Pods-hAIl MaryTests.release.xcconfig */,
			);
			name = Pods;
			path = Pods;
			sourceTree = "<group>";
		};
		4EC0956BA2037BA4F4D69AE4 /* Frameworks */ = {
			isa = PBXGroup;
			children = (
				C6DB687B3351EC218A5A4F65 /* Pods_hAIl_Mary.framework */,
				CA440397248F1F203AD671E0 /* Pods_hAIl_Mary_hAIl_MaryUITests.framework */,
				7E6E150CDD077C89BCA8282D /* Pods_hAIl_MaryTests.framework */,
			);
			name = Frameworks;
			sourceTree = "<group>";
		};
/* End PBXGroup section */

/* Begin PBXNativeTarget section */
		160186DF2BCF8FD30013B830 /* hAIl Mary */ = {
			isa = PBXNativeTarget;
			buildConfigurationList = 160187042BCF8FD50013B830 /* Build configuration list for PBXNativeTarget "hAIl Mary" */;
			buildPhases = (
				E217FEE2413272B47B216CAC /* [CP] Check Pods Manifest.lock */,
				160186DC2BCF8FD30013B830 /* Sources */,
				160186DD2BCF8FD30013B830 /* Frameworks */,
				160186DE2BCF8FD30013B830 /* Resources */,
			);
			buildRules = (
			);
			dependencies = (
			);
			name = "hAIl Mary";
			productName = "hAIl Mary";
			productReference = 160186E02BCF8FD30013B830 /* hAIl Mary.app */;
			productType = "com.apple.product-type.application";
		};
		160186EF2BCF8FD50013B830 /* hAIl MaryTests */ = {
			isa = PBXNativeTarget;
			buildConfigurationList = 160187072BCF8FD50013B830 /* Build configuration list for PBXNativeTarget "hAIl MaryTests" */;
			buildPhases = (
				9E29C538A8D348AFC7D38BB5 /* [CP] Check Pods Manifest.lock */,
				160186EC2BCF8FD50013B830 /* Sources */,
				160186ED2BCF8FD50013B830 /* Frameworks */,
				160186EE2BCF8FD50013B830 /* Resources */,
			);
			buildRules = (
			);
			dependencies = (
				160186F22BCF8FD50013B830 /* PBXTargetDependency */,
			);
			name = "hAIl MaryTests";
			productName = "hAIl MaryTests";
			productReference = 160186F02BCF8FD50013B830 /* hAIl MaryTests.xctest */;
			productType = "com.apple.product-type.bundle.unit-test";
		};
		160186F92BCF8FD50013B830 /* hAIl MaryUITests */ = {
			isa = PBXNativeTarget;
			buildConfigurationList = 1601870A2BCF8FD50013B830 /* Build configuration list for PBXNativeTarget "hAIl MaryUITests" */;
			buildPhases = (
				5EC316894A3BE22D8E30BBEB /* [CP] Check Pods Manifest.lock */,
				160186F62BCF8FD50013B830 /* Sources */,
				160186F72BCF8FD50013B830 /* Frameworks */,
				160186F82BCF8FD50013B830 /* Resources */,
			);
			buildRules = (
			);
			dependencies = (
				160186FC2BCF8FD50013B830 /* PBXTargetDependency */,
			);
			name = "hAIl MaryUITests";
			productName = "hAIl MaryUITests";
			productReference = 160186FA2BCF8FD50013B830 /* hAIl MaryUITests.xctest */;
			productType = "com.apple.product-type.bundle.ui-testing";
		};
/* End PBXNativeTarget section */

/* Begin PBXProject section */
		160186D82BCF8FD30013B830 /* Project object */ = {
			isa = PBXProject;
			attributes = {
				BuildIndependentTargetsInParallel = 1;
				LastSwiftUpdateCheck = 1530;
				LastUpgradeCheck = 1530;
				TargetAttributes = {
					160186DF2BCF8FD30013B830 = {
						CreatedOnToolsVersion = 15.3;
					};
					160186EF2BCF8FD50013B830 = {
						CreatedOnToolsVersion = 15.3;
						TestTargetID = 160186DF2BCF8FD30013B830;
					};
					160186F92BCF8FD50013B830 = {
						CreatedOnToolsVersion = 15.3;
						TestTargetID = 160186DF2BCF8FD30013B830;
					};
				};
			};
			buildConfigurationList = 160186DB2BCF8FD30013B830 /* Build configuration list for PBXProject "hAIl Mary" */;
			compatibilityVersion = "Xcode 14.0";
			developmentRegion = en;
			hasScannedForEncodings = 0;
			knownRegions = (
				en,
				Base,
			);
			mainGroup = 160186D72BCF8FD30013B830;
			productRefGroup = 160186E12BCF8FD30013B830 /* Products */;
			projectDirPath = "";
			projectRoot = "";
			targets = (
				160186DF2BCF8FD30013B830 /* hAIl Mary */,
				160186EF2BCF8FD50013B830 /* hAIl MaryTests */,
				160186F92BCF8FD50013B830 /* hAIl MaryUITests */,
			);
		};
/* End PBXProject section */

/* Begin PBXResourcesBuildPhase section */
		160186DE2BCF8FD30013B830 /* Resources */ = {
			isa = PBXResourcesBuildPhase;
			buildActionMask = 2147483647;
			files = (
				163580632BCF96DB008A0C98 /* spreadspoke_scores.csv in Resources */,
				163580642BCF96DB008A0C98 /* timeline of work.md in Resources */,
				163580612BCF96DB008A0C98 /* input in Resources */,
				163580652BCF96DB008A0C98 /* README.md in Resources */,
				160186EB2BCF8FD50013B830 /* Preview Assets.xcassets in Resources */,
				160186E82BCF8FD50013B830 /* Assets.xcassets in Resources */,
				163580622BCF96DB008A0C98 /* nfl_stadiums.csv in Resources */,
				163580662BCF96DB008A0C98 /* log.md in Resources */,
			);
			runOnlyForDeploymentPostprocessing = 0;
		};
		160186EE2BCF8FD50013B830 /* Resources */ = {
			isa = PBXResourcesBuildPhase;
			buildActionMask = 2147483647;
			files = (
			);
			runOnlyForDeploymentPostprocessing = 0;
		};
		160186F82BCF8FD50013B830 /* Resources */ = {
			isa = PBXResourcesBuildPhase;
			buildActionMask = 2147483647;
			files = (
			);
			runOnlyForDeploymentPostprocessing = 0;
		};
/* End PBXResourcesBuildPhase section */

/* Begin PBXShellScriptBuildPhase section */
		5EC316894A3BE22D8E30BBEB /* [CP] Check Pods Manifest.lock */ = {
			isa = PBXShellScriptBuildPhase;
			buildActionMask = 2147483647;
			files = (
			);
			inputFileListPaths = (
			);
			inputPaths = (
				"${PODS_PODFILE_DIR_PATH}/Podfile.lock",
				"${PODS_ROOT}/Manifest.lock",
			);
			name = "[CP] Check Pods Manifest.lock";
			outputFileListPaths = (
			);
			outputPaths = (
				"$(DERIVED_FILE_DIR)/Pods-hAIl Mary-hAIl MaryUITests-checkManifestLockResult.txt",
			);
			runOnlyForDeploymentPostprocessing = 0;
			shellPath = /bin/sh;
			shellScript = "diff \"${PODS_PODFILE_DIR_PATH}/Podfile.lock\" \"${PODS_ROOT}/Manifest.lock\" > /dev/null\nif [ $? != 0 ] ; then\n    # print error to STDERR\n    echo \"error: The sandbox is not in sync with the Podfile.lock. Run 'pod install' or update your CocoaPods installation.\" >&2\n    exit 1\nfi\n# This output is used by Xcode 'outputs' to avoid re-running this script phase.\necho \"SUCCESS\" > \"${SCRIPT_OUTPUT_FILE_0}\"\n";
			showEnvVarsInLog = 0;
		};
		9E29C538A8D348AFC7D38BB5 /* [CP] Check Pods Manifest.lock */ = {
			isa = PBXShellScriptBuildPhase;
			buildActionMask = 2147483647;
			files = (
			);
			inputFileListPaths = (
			);
			inputPaths = (
				"${PODS_PODFILE_DIR_PATH}/Podfile.lock",
				"${PODS_ROOT}/Manifest.lock",
			);
			name = "[CP] Check Pods Manifest.lock";
			outputFileListPaths = (
			);
			outputPaths = (
				"$(DERIVED_FILE_DIR)/Pods-hAIl MaryTests-checkManifestLockResult.txt",
			);
			runOnlyForDeploymentPostprocessing = 0;
			shellPath = /bin/sh;
			shellScript = "diff \"${PODS_PODFILE_DIR_PATH}/Podfile.lock\" \"${PODS_ROOT}/Manifest.lock\" > /dev/null\nif [ $? != 0 ] ; then\n    # print error to STDERR\n    echo \"error: The sandbox is not in sync with the Podfile.lock. Run 'pod install' or update your CocoaPods installation.\" >&2\n    exit 1\nfi\n# This output is used by Xcode 'outputs' to avoid re-running this script phase.\necho \"SUCCESS\" > \"${SCRIPT_OUTPUT_FILE_0}\"\n";
			showEnvVarsInLog = 0;
		};
		E217FEE2413272B47B216CAC /* [CP] Check Pods Manifest.lock */ = {
			isa = PBXShellScriptBuildPhase;
			buildActionMask = 2147483647;
			files = (
			);
			inputFileListPaths = (
			);
			inputPaths = (
				"${PODS_PODFILE_DIR_PATH}/Podfile.lock",
				"${PODS_ROOT}/Manifest.lock",
			);
			name = "[CP] Check Pods Manifest.lock";
			outputFileListPaths = (
			);
			outputPaths = (
				"$(DERIVED_FILE_DIR)/Pods-hAIl Mary-checkManifestLockResult.txt",
			);
			runOnlyForDeploymentPostprocessing = 0;
			shellPath = /bin/sh;
			shellScript = "diff \"${PODS_PODFILE_DIR_PATH}/Podfile.lock\" \"${PODS_ROOT}/Manifest.lock\" > /dev/null\nif [ $? != 0 ] ; then\n    # print error to STDERR\n    echo \"error: The sandbox is not in sync with the Podfile.lock. Run 'pod install' or update your CocoaPods installation.\" >&2\n    exit 1\nfi\n# This output is used by Xcode 'outputs' to avoid re-running this script phase.\necho \"SUCCESS\" > \"${SCRIPT_OUTPUT_FILE_0}\"\n";
			showEnvVarsInLog = 0;
		};
/* End PBXShellScriptBuildPhase section */

/* Begin PBXSourcesBuildPhase section */
		160186DC2BCF8FD30013B830 /* Sources */ = {
			isa = PBXSourcesBuildPhase;
			buildActionMask = 2147483647;
			files = (
				160186E62BCF8FD30013B830 /* ContentView.swift in Sources */,
				160186E42BCF8FD30013B830 /* hAIl_MaryApp.swift in Sources */,
			);
			runOnlyForDeploymentPostprocessing = 0;
		};
		160186EC2BCF8FD50013B830 /* Sources */ = {
			isa = PBXSourcesBuildPhase;
			buildActionMask = 2147483647;
			files = (
				160186F52BCF8FD50013B830 /* hAIl_MaryTests.swift in Sources */,
			);
			runOnlyForDeploymentPostprocessing = 0;
		};
		160186F62BCF8FD50013B830 /* Sources */ = {
			isa = PBXSourcesBuildPhase;
			buildActionMask = 2147483647;
			files = (
				160186FF2BCF8FD50013B830 /* hAIl_MaryUITests.swift in Sources */,
				160187012BCF8FD50013B830 /* hAIl_MaryUITestsLaunchTests.swift in Sources */,
			);
			runOnlyForDeploymentPostprocessing = 0;
		};
/* End PBXSourcesBuildPhase section */

/* Begin PBXTargetDependency section */
		160186F22BCF8FD50013B830 /* PBXTargetDependency */ = {
			isa = PBXTargetDependency;
			target = 160186DF2BCF8FD30013B830 /* hAIl Mary */;
			targetProxy = 160186F12BCF8FD50013B830 /* PBXContainerItemProxy */;
		};
		160186FC2BCF8FD50013B830 /* PBXTargetDependency */ = {
			isa = PBXTargetDependency;
			target = 160186DF2BCF8FD30013B830 /* hAIl Mary */;
			targetProxy = 160186FB2BCF8FD50013B830 /* PBXContainerItemProxy */;
		};
/* End PBXTargetDependency section */

/* Begin XCBuildConfiguration section */
		160187022BCF8FD50013B830 /* Debug */ = {
			isa = XCBuildConfiguration;
			buildSettings = {
				ALWAYS_SEARCH_USER_PATHS = NO;
				ASSETCATALOG_COMPILER_GENERATE_SWIFT_ASSET_SYMBOL_EXTENSIONS = YES;
				CLANG_ANALYZER_NONNULL = YES;
				CLANG_ANALYZER_NUMBER_OBJECT_CONVERSION = YES_AGGRESSIVE;
				CLANG_CXX_LANGUAGE_STANDARD = "gnu++20";
				CLANG_ENABLE_MODULES = YES;
				CLANG_ENABLE_OBJC_ARC = YES;
				CLANG_ENABLE_OBJC_WEAK = YES;
				CLANG_WARN_BLOCK_CAPTURE_AUTORELEASING = YES;
				CLANG_WARN_BOOL_CONVERSION = YES;
				CLANG_WARN_COMMA = YES;
				CLANG_WARN_CONSTANT_CONVERSION = YES;
				CLANG_WARN_DEPRECATED_OBJC_IMPLEMENTATIONS = YES;
				CLANG_WARN_DIRECT_OBJC_ISA_USAGE = YES_ERROR;
				CLANG_WARN_DOCUMENTATION_COMMENTS = YES;
				CLANG_WARN_EMPTY_BODY = YES;
				CLANG_WARN_ENUM_CONVERSION = YES;
				CLANG_WARN_INFINITE_RECURSION = YES;
				CLANG_WARN_INT_CONVERSION = YES;
				CLANG_WARN_NON_LITERAL_NULL_CONVERSION = YES;
				CLANG_WARN_OBJC_IMPLICIT_RETAIN_SELF = YES;
				CLANG_WARN_OBJC_LITERAL_CONVERSION = YES;
				CLANG_WARN_OBJC_ROOT_CLASS = YES_ERROR;
				CLANG_WARN_QUOTED_INCLUDE_IN_FRAMEWORK_HEADER = YES;
				CLANG_WARN_RANGE_LOOP_ANALYSIS = YES;
				CLANG_WARN_STRICT_PROTOTYPES = YES;
				CLANG_WARN_SUSPICIOUS_MOVE = YES;
				CLANG_WARN_UNGUARDED_AVAILABILITY = YES_AGGRESSIVE;
				CLANG_WARN_UNREACHABLE_CODE = YES;
				CLANG_WARN__DUPLICATE_METHOD_MATCH = YES;
				COPY_PHASE_STRIP = NO;
				DEBUG_INFORMATION_FORMAT = dwarf;
				ENABLE_STRICT_OBJC_MSGSEND = YES;
				ENABLE_TESTABILITY = YES;
				ENABLE_USER_SCRIPT_SANDBOXING = YES;
				GCC_C_LANGUAGE_STANDARD = gnu17;
				GCC_DYNAMIC_NO_PIC = NO;
				GCC_NO_COMMON_BLOCKS = YES;
				GCC_OPTIMIZATION_LEVEL = 0;
				GCC_PREPROCESSOR_DEFINITIONS = (
					"DEBUG=1",
					"$(inherited)",
				);
				GCC_WARN_64_TO_32_BIT_CONVERSION = YES;
				GCC_WARN_ABOUT_RETURN_TYPE = YES_ERROR;
				GCC_WARN_UNDECLARED_SELECTOR = YES;
				GCC_WARN_UNINITIALIZED_AUTOS = YES_AGGRESSIVE;
				GCC_WARN_UNUSED_FUNCTION = YES;
				GCC_WARN_UNUSED_VARIABLE = YES;
				IPHONEOS_DEPLOYMENT_TARGET = 17.4;
				LOCALIZATION_PREFERS_STRING_CATALOGS = YES;
				MTL_ENABLE_DEBUG_INFO = INCLUDE_SOURCE;
				MTL_FAST_MATH = YES;
				ONLY_ACTIVE_ARCH = YES;
				SDKROOT = iphoneos;
				SWIFT_ACTIVE_COMPILATION_CONDITIONS = "DEBUG $(inherited)";
				SWIFT_OPTIMIZATION_LEVEL = "-Onone";
			};
			name = Debug;
		};
		160187032BCF8FD50013B830 /* Release */ = {
			isa = XCBuildConfiguration;
			buildSettings = {
				ALWAYS_SEARCH_USER_PATHS = NO;
				ASSETCATALOG_COMPILER_GENERATE_SWIFT_ASSET_SYMBOL_EXTENSIONS = YES;
				CLANG_ANALYZER_NONNULL = YES;
				CLANG_ANALYZER_NUMBER_OBJECT_CONVERSION = YES_AGGRESSIVE;
				CLANG_CXX_LANGUAGE_STANDARD = "gnu++20";
				CLANG_ENABLE_MODULES = YES;
				CLANG_ENABLE_OBJC_ARC = YES;
				CLANG_ENABLE_OBJC_WEAK = YES;
				CLANG_WARN_BLOCK_CAPTURE_AUTORELEASING = YES;
				CLANG_WARN_BOOL_CONVERSION = YES;
				CLANG_WARN_COMMA = YES;
				CLANG_WARN_CONSTANT_CONVERSION = YES;
				CLANG_WARN_DEPRECATED_OBJC_IMPLEMENTATIONS = YES;
				CLANG_WARN_DIRECT_OBJC_ISA_USAGE = YES_ERROR;
				CLANG_WARN_DOCUMENTATION_COMMENTS = YES;
				CLANG_WARN_EMPTY_BODY = YES;
				CLANG_WARN_ENUM_CONVERSION = YES;
				CLANG_WARN_INFINITE_RECURSION = YES;
				CLANG_WARN_INT_CONVERSION = YES;
				CLANG_WARN_NON_LITERAL_NULL_CONVERSION = YES;
				CLANG_WARN_OBJC_IMPLICIT_RETAIN_SELF = YES;
				CLANG_WARN_OBJC_LITERAL_CONVERSION = YES;
				CLANG_WARN_OBJC_ROOT_CLASS = YES_ERROR;
				CLANG_WARN_QUOTED_INCLUDE_IN_FRAMEWORK_HEADER = YES;
				CLANG_WARN_RANGE_LOOP_ANALYSIS = YES;
				CLANG_WARN_STRICT_PROTOTYPES = YES;
				CLANG_WARN_SUSPICIOUS_MOVE = YES;
				CLANG_WARN_UNGUARDED_AVAILABILITY = YES_AGGRESSIVE;
				CLANG_WARN_UNREACHABLE_CODE = YES;
				CLANG_WARN__DUPLICATE_METHOD_MATCH = YES;
				COPY_PHASE_STRIP = NO;
				DEBUG_INFORMATION_FORMAT = "dwarf-with-dsym";
				ENABLE_NS_ASSERTIONS = NO;
				ENABLE_STRICT_OBJC_MSGSEND = YES;
				ENABLE_USER_SCRIPT_SANDBOXING = YES;
				GCC_C_LANGUAGE_STANDARD = gnu17;
				GCC_NO_COMMON_BLOCKS = YES;
				GCC_WARN_64_TO_32_BIT_CONVERSION = YES;
				GCC_WARN_ABOUT_RETURN_TYPE = YES_ERROR;
				GCC_WARN_UNDECLARED_SELECTOR = YES;
				GCC_WARN_UNINITIALIZED_AUTOS = YES_AGGRESSIVE;
				GCC_WARN_UNUSED_FUNCTION = YES;
				GCC_WARN_UNUSED_VARIABLE = YES;
				IPHONEOS_DEPLOYMENT_TARGET = 17.4;
				LOCALIZATION_PREFERS_STRING_CATALOGS = YES;
				MTL_ENABLE_DEBUG_INFO = NO;
				MTL_FAST_MATH = YES;
				SDKROOT = iphoneos;
				SWIFT_COMPILATION_MODE = wholemodule;
				VALIDATE_PRODUCT = YES;
			};
			name = Release;
		};
		160187052BCF8FD50013B830 /* Debug */ = {
			isa = XCBuildConfiguration;
			baseConfigurationReference = 2A9199175A0E7F0C4908BA7C /* Pods-hAIl Mary.debug.xcconfig */;
			buildSettings = {
				ASSETCATALOG_COMPILER_APPICON_NAME = AppIcon;
				ASSETCATALOG_COMPILER_GLOBAL_ACCENT_COLOR_NAME = AccentColor;
				CODE_SIGN_STYLE = Automatic;
				CURRENT_PROJECT_VERSION = 1;
				DEVELOPMENT_ASSET_PATHS = "\"hAIl Mary/Preview Content\"";
				ENABLE_PREVIEWS = YES;
				GENERATE_INFOPLIST_FILE = YES;
				INFOPLIST_KEY_UIApplicationSceneManifest_Generation = YES;
				INFOPLIST_KEY_UIApplicationSupportsIndirectInputEvents = YES;
				INFOPLIST_KEY_UILaunchScreen_Generation = YES;
				INFOPLIST_KEY_UISupportedInterfaceOrientations_iPad = "UIInterfaceOrientationPortrait UIInterfaceOrientationPortraitUpsideDown UIInterfaceOrientationLandscapeLeft UIInterfaceOrientationLandscapeRight";
				INFOPLIST_KEY_UISupportedInterfaceOrientations_iPhone = "UIInterfaceOrientationPortrait UIInterfaceOrientationLandscapeLeft UIInterfaceOrientationLandscapeRight";
				LD_RUNPATH_SEARCH_PATHS = (
					"$(inherited)",
					"@executable_path/Frameworks",
				);
				MARKETING_VERSION = 1.0;
				PRODUCT_BUNDLE_IDENTIFIER = "consulting.hAIl-Mary";
				PRODUCT_NAME = "$(TARGET_NAME)";
				SWIFT_EMIT_LOC_STRINGS = YES;
				SWIFT_VERSION = 5.0;
				TARGETED_DEVICE_FAMILY = "1,2";
			};
			name = Debug;
		};
		160187062BCF8FD50013B830 /* Release */ = {
			isa = XCBuildConfiguration;
			baseConfigurationReference = 18C7A9565FE088E09B9A18EF /* Pods-hAIl Mary.release.xcconfig */;
			buildSettings = {
				ASSETCATALOG_COMPILER_APPICON_NAME = AppIcon;
				ASSETCATALOG_COMPILER_GLOBAL_ACCENT_COLOR_NAME = AccentColor;
				CODE_SIGN_STYLE = Automatic;
				CURRENT_PROJECT_VERSION = 1;
				DEVELOPMENT_ASSET_PATHS = "\"hAIl Mary/Preview Content\"";
				ENABLE_PREVIEWS = YES;
				GENERATE_INFOPLIST_FILE = YES;
				INFOPLIST_KEY_UIApplicationSceneManifest_Generation = YES;
				INFOPLIST_KEY_UIApplicationSupportsIndirectInputEvents = YES;
				INFOPLIST_KEY_UILaunchScreen_Generation = YES;
				INFOPLIST_KEY_UISupportedInterfaceOrientations_iPad = "UIInterfaceOrientationPortrait UIInterfaceOrientationPortraitUpsideDown UIInterfaceOrientationLandscapeLeft UIInterfaceOrientationLandscapeRight";
				INFOPLIST_KEY_UISupportedInterfaceOrientations_iPhone = "UIInterfaceOrientationPortrait UIInterfaceOrientationLandscapeLeft UIInterfaceOrientationLandscapeRight";
				LD_RUNPATH_SEARCH_PATHS = (
					"$(inherited)",
					"@executable_path/Frameworks",
				);
				MARKETING_VERSION = 1.0;
				PRODUCT_BUNDLE_IDENTIFIER = "consulting.hAIl-Mary";
				PRODUCT_NAME = "$(TARGET_NAME)";
				SWIFT_EMIT_LOC_STRINGS = YES;
				SWIFT_VERSION = 5.0;
				TARGETED_DEVICE_FAMILY = "1,2";
			};
			name = Release;
		};
		160187082BCF8FD50013B830 /* Debug */ = {
			isa = XCBuildConfiguration;
			baseConfigurationReference = 18C8B622D4473A1EC06864CA /* Pods-hAIl MaryTests.debug.xcconfig */;
			buildSettings = {
				ALWAYS_EMBED_SWIFT_STANDARD_LIBRARIES = YES;
				BUNDLE_LOADER = "$(TEST_HOST)";
				CODE_SIGN_STYLE = Automatic;
				CURRENT_PROJECT_VERSION = 1;
				GENERATE_INFOPLIST_FILE = YES;
				IPHONEOS_DEPLOYMENT_TARGET = 17.4;
				MARKETING_VERSION = 1.0;
				PRODUCT_BUNDLE_IDENTIFIER = "consulting.hAIl-MaryTests";
				PRODUCT_NAME = "$(TARGET_NAME)";
				SWIFT_EMIT_LOC_STRINGS = NO;
				SWIFT_VERSION = 5.0;
				TARGETED_DEVICE_FAMILY = "1,2";
				TEST_HOST = "$(BUILT_PRODUCTS_DIR)/hAIl Mary.app/$(BUNDLE_EXECUTABLE_FOLDER_PATH)/hAIl Mary";
			};
			name = Debug;
		};
		160187092BCF8FD50013B830 /* Release */ = {
			isa = XCBuildConfiguration;
			baseConfigurationReference = F7D29D79B74CEC9DC25B1795 /* Pods-hAIl MaryTests.release.xcconfig */;
			buildSettings = {
				ALWAYS_EMBED_SWIFT_STANDARD_LIBRARIES = YES;
				BUNDLE_LOADER = "$(TEST_HOST)";
				CODE_SIGN_STYLE = Automatic;
				CURRENT_PROJECT_VERSION = 1;
				GENERATE_INFOPLIST_FILE = YES;
				IPHONEOS_DEPLOYMENT_TARGET = 17.4;
				MARKETING_VERSION = 1.0;
				PRODUCT_BUNDLE_IDENTIFIER = "consulting.hAIl-MaryTests";
				PRODUCT_NAME = "$(TARGET_NAME)";
				SWIFT_EMIT_LOC_STRINGS = NO;
				SWIFT_VERSION = 5.0;
				TARGETED_DEVICE_FAMILY = "1,2";
				TEST_HOST = "$(BUILT_PRODUCTS_DIR)/hAIl Mary.app/$(BUNDLE_EXECUTABLE_FOLDER_PATH)/hAIl Mary";
			};
			name = Release;
		};
		1601870B2BCF8FD50013B830 /* Debug */ = {
			isa = XCBuildConfiguration;
			baseConfigurationReference = 6AB962E45DCAEE7EE05E39A4 /* Pods-hAIl Mary-hAIl MaryUITests.debug.xcconfig */;
			buildSettings = {
				ALWAYS_EMBED_SWIFT_STANDARD_LIBRARIES = YES;
				CODE_SIGN_STYLE = Automatic;
				CURRENT_PROJECT_VERSION = 1;
				GENERATE_INFOPLIST_FILE = YES;
				MARKETING_VERSION = 1.0;
				PRODUCT_BUNDLE_IDENTIFIER = "consulting.hAIl-MaryUITests";
				PRODUCT_NAME = "$(TARGET_NAME)";
				SWIFT_EMIT_LOC_STRINGS = NO;
				SWIFT_VERSION = 5.0;
				TARGETED_DEVICE_FAMILY = "1,2";
				TEST_TARGET_NAME = "hAIl Mary";
			};
			name = Debug;
		};
		1601870C2BCF8FD50013B830 /* Release */ = {
			isa = XCBuildConfiguration;
			baseConfigurationReference = 21F840F1DA6254218C5E18D3 /* Pods-hAIl Mary-hAIl MaryUITests.release.xcconfig */;
			buildSettings = {
				ALWAYS_EMBED_SWIFT_STANDARD_LIBRARIES = YES;
				CODE_SIGN_STYLE = Automatic;
				CURRENT_PROJECT_VERSION = 1;
				GENERATE_INFOPLIST_FILE = YES;
				MARKETING_VERSION = 1.0;
				PRODUCT_BUNDLE_IDENTIFIER = "consulting.hAIl-MaryUITests";
				PRODUCT_NAME = "$(TARGET_NAME)";
				SWIFT_EMIT_LOC_STRINGS = NO;
				SWIFT_VERSION = 5.0;
				TARGETED_DEVICE_FAMILY = "1,2";
				TEST_TARGET_NAME = "hAIl Mary";
			};
			name = Release;
		};
/* End XCBuildConfiguration section */

/* Begin XCConfigurationList section */
		160186DB2BCF8FD30013B830 /* Build configuration list for PBXProject "hAIl Mary" */ = {
			isa = XCConfigurationList;
			buildConfigurations = (
				160187022BCF8FD50013B830 /* Debug */,
				160187032BCF8FD50013B830 /* Release */,
			);
			defaultConfigurationIsVisible = 0;
			defaultConfigurationName = Release;
		};
		160187042BCF8FD50013B830 /* Build configuration list for PBXNativeTarget "hAIl Mary" */ = {
			isa = XCConfigurationList;
			buildConfigurations = (
				160187052BCF8FD50013B830 /* Debug */,
				160187062BCF8FD50013B830 /* Release */,
			);
			defaultConfigurationIsVisible = 0;
			defaultConfigurationName = Release;
		};
		160187072BCF8FD50013B830 /* Build configuration list for PBXNativeTarget "hAIl MaryTests" */ = {
			isa = XCConfigurationList;
			buildConfigurations = (
				160187082BCF8FD50013B830 /* Debug */,
				160187092BCF8FD50013B830 /* Release */,
			);
			defaultConfigurationIsVisible = 0;
			defaultConfigurationName = Release;
		};
		1601870A2BCF8FD50013B830 /* Build configuration list for PBXNativeTarget "hAIl MaryUITests" */ = {
			isa = XCConfigurationList;
			buildConfigurations = (
				1601870B2BCF8FD50013B830 /* Debug */,
				1601870C2BCF8FD50013B830 /* Release */,
			);
			defaultConfigurationIsVisible = 0;
			defaultConfigurationName = Release;
		};
/* End XCConfigurationList section */
	};
	rootObject = 160186D82BCF8FD30013B830 /* Project object */;
}
